// !$*UTF8*$!
{
	archiveVersion = 1;
	classes = {
	};
	objectVersion = 50;
	objects = {

/* Begin PBXBuildFile section */
		350E71072339E0D6004426CF /* GestureListView.swift in Sources */ = {isa = PBXBuildFile; fileRef = 350E71062339E0D6004426CF /* GestureListView.swift */; };
		350E71092339EB9B004426CF /* GestureDetail.swift in Sources */ = {isa = PBXBuildFile; fileRef = 350E71082339EB9B004426CF /* GestureDetail.swift */; };
		350E710B2339F0A3004426CF /* ListItem.swift in Sources */ = {isa = PBXBuildFile; fileRef = 350E710A2339F0A3004426CF /* ListItem.swift */; };
		350E710D2339F7C3004426CF /* WatchConnectionView.swift in Sources */ = {isa = PBXBuildFile; fileRef = 350E710C2339F7C3004426CF /* WatchConnectionView.swift */; };
		351861D9231F87610067A11E /* JSONParser.swift in Sources */ = {isa = PBXBuildFile; fileRef = 351861D8231F87610067A11E /* JSONParser.swift */; };
		351861DB231F97DC0067A11E /* JSONParser.swift in Sources */ = {isa = PBXBuildFile; fileRef = 351861DA231F97DC0067A11E /* JSONParser.swift */; };
		3527D942231E497200CFEE0C /* Interface.storyboard in Resources */ = {isa = PBXBuildFile; fileRef = 3527D940231E497200CFEE0C /* Interface.storyboard */; };
		3527D944231E497400CFEE0C /* Assets.xcassets in Resources */ = {isa = PBXBuildFile; fileRef = 3527D943231E497400CFEE0C /* Assets.xcassets */; };
		3527D94B231E497400CFEE0C /* WatchApp Extension.appex in Embed App Extensions */ = {isa = PBXBuildFile; fileRef = 3527D94A231E497400CFEE0C /* WatchApp Extension.appex */; settings = {ATTRIBUTES = (RemoveHeadersOnCopy, ); }; };
		3527D950231E497400CFEE0C /* InterfaceController.swift in Sources */ = {isa = PBXBuildFile; fileRef = 3527D94F231E497400CFEE0C /* InterfaceController.swift */; };
		3527D952231E497400CFEE0C /* ExtensionDelegate.swift in Sources */ = {isa = PBXBuildFile; fileRef = 3527D951231E497400CFEE0C /* ExtensionDelegate.swift */; };
		3527D954231E497400CFEE0C /* NotificationController.swift in Sources */ = {isa = PBXBuildFile; fileRef = 3527D953231E497400CFEE0C /* NotificationController.swift */; };
		3527D956231E497500CFEE0C /* Assets.xcassets in Resources */ = {isa = PBXBuildFile; fileRef = 3527D955231E497500CFEE0C /* Assets.xcassets */; };
		3527D95B231E497500CFEE0C /* WatchApp.app in Embed Watch Content */ = {isa = PBXBuildFile; fileRef = 3527D93E231E497200CFEE0C /* WatchApp.app */; };
		3527D966231E49A300CFEE0C /* WatchManager.swift in Sources */ = {isa = PBXBuildFile; fileRef = 3527D965231E49A300CFEE0C /* WatchManager.swift */; };
		3527D968231E54E400CFEE0C /* WatchManager.swift in Sources */ = {isa = PBXBuildFile; fileRef = 3527D967231E54E400CFEE0C /* WatchManager.swift */; };
		355FF9AF2317BFE600244C17 /* AppDelegate.swift in Sources */ = {isa = PBXBuildFile; fileRef = 355FF9AE2317BFE600244C17 /* AppDelegate.swift */; };
		355FF9B62317BFE700244C17 /* Assets.xcassets in Resources */ = {isa = PBXBuildFile; fileRef = 355FF9B52317BFE700244C17 /* Assets.xcassets */; };
		355FF9B92317BFE700244C17 /* LaunchScreen.storyboard in Resources */ = {isa = PBXBuildFile; fileRef = 355FF9B72317BFE700244C17 /* LaunchScreen.storyboard */; };
		355FF9C22317C10200244C17 /* MainPage.swift in Sources */ = {isa = PBXBuildFile; fileRef = 355FF9C12317C10200244C17 /* MainPage.swift */; };
		356DE3A52320ED5B00398A6B /* MotionManager.swift in Sources */ = {isa = PBXBuildFile; fileRef = 356DE3A42320ED5B00398A6B /* MotionManager.swift */; };
		359FFBC723265160007C1175 /* HealthKitManager.swift in Sources */ = {isa = PBXBuildFile; fileRef = 359FFBC623265160007C1175 /* HealthKitManager.swift */; };
		35ECF44A231E69BB00C036EB /* GestureData.swift in Sources */ = {isa = PBXBuildFile; fileRef = 35ECF449231E69BB00C036EB /* GestureData.swift */; };
		35ECF44D231E6B4D00C036EB /* GestureData.swift in Sources */ = {isa = PBXBuildFile; fileRef = 35ECF44C231E6B4D00C036EB /* GestureData.swift */; };
/* End PBXBuildFile section */

/* Begin PBXContainerItemProxy section */
		3527D94C231E497400CFEE0C /* PBXContainerItemProxy */ = {
			isa = PBXContainerItemProxy;
			containerPortal = 355FF9A32317BFE600244C17 /* Project object */;
			proxyType = 1;
			remoteGlobalIDString = 3527D949231E497400CFEE0C;
			remoteInfo = "WatchApp Extension";
		};
		3527D959231E497500CFEE0C /* PBXContainerItemProxy */ = {
			isa = PBXContainerItemProxy;
			containerPortal = 355FF9A32317BFE600244C17 /* Project object */;
			proxyType = 1;
			remoteGlobalIDString = 3527D93D231E497200CFEE0C;
			remoteInfo = WatchApp;
		};
/* End PBXContainerItemProxy section */

/* Begin PBXCopyFilesBuildPhase section */
		3527D95F231E497500CFEE0C /* Embed App Extensions */ = {
			isa = PBXCopyFilesBuildPhase;
			buildActionMask = 2147483647;
			dstPath = "";
			dstSubfolderSpec = 13;
			files = (
				3527D94B231E497400CFEE0C /* WatchApp Extension.appex in Embed App Extensions */,
			);
			name = "Embed App Extensions";
			runOnlyForDeploymentPostprocessing = 0;
		};
		3527D963231E497500CFEE0C /* Embed Watch Content */ = {
			isa = PBXCopyFilesBuildPhase;
			buildActionMask = 2147483647;
			dstPath = "$(CONTENTS_FOLDER_PATH)/Watch";
			dstSubfolderSpec = 16;
			files = (
				3527D95B231E497500CFEE0C /* WatchApp.app in Embed Watch Content */,
			);
			name = "Embed Watch Content";
			runOnlyForDeploymentPostprocessing = 0;
		};
/* End PBXCopyFilesBuildPhase section */

/* Begin PBXFileReference section */
		350E71062339E0D6004426CF /* GestureListView.swift */ = {isa = PBXFileReference; lastKnownFileType = sourcecode.swift; path = GestureListView.swift; sourceTree = "<group>"; };
		350E71082339EB9B004426CF /* GestureDetail.swift */ = {isa = PBXFileReference; lastKnownFileType = sourcecode.swift; path = GestureDetail.swift; sourceTree = "<group>"; };
		350E710A2339F0A3004426CF /* ListItem.swift */ = {isa = PBXFileReference; lastKnownFileType = sourcecode.swift; path = ListItem.swift; sourceTree = "<group>"; };
		350E710C2339F7C3004426CF /* WatchConnectionView.swift */ = {isa = PBXFileReference; lastKnownFileType = sourcecode.swift; path = WatchConnectionView.swift; sourceTree = "<group>"; };
		351861D8231F87610067A11E /* JSONParser.swift */ = {isa = PBXFileReference; lastKnownFileType = sourcecode.swift; path = JSONParser.swift; sourceTree = "<group>"; };
		351861DA231F97DC0067A11E /* JSONParser.swift */ = {isa = PBXFileReference; lastKnownFileType = sourcecode.swift; path = JSONParser.swift; sourceTree = "<group>"; };
		3527D93E231E497200CFEE0C /* WatchApp.app */ = {isa = PBXFileReference; explicitFileType = wrapper.application; includeInIndex = 0; path = WatchApp.app; sourceTree = BUILT_PRODUCTS_DIR; };
		3527D941231E497200CFEE0C /* Base */ = {isa = PBXFileReference; lastKnownFileType = file.storyboard; name = Base; path = Base.lproj/Interface.storyboard; sourceTree = "<group>"; };
		3527D943231E497400CFEE0C /* Assets.xcassets */ = {isa = PBXFileReference; lastKnownFileType = folder.assetcatalog; path = Assets.xcassets; sourceTree = "<group>"; };
		3527D945231E497400CFEE0C /* Info.plist */ = {isa = PBXFileReference; lastKnownFileType = text.plist.xml; path = Info.plist; sourceTree = "<group>"; };
		3527D94A231E497400CFEE0C /* WatchApp Extension.appex */ = {isa = PBXFileReference; explicitFileType = "wrapper.app-extension"; includeInIndex = 0; path = "WatchApp Extension.appex"; sourceTree = BUILT_PRODUCTS_DIR; };
		3527D94F231E497400CFEE0C /* InterfaceController.swift */ = {isa = PBXFileReference; lastKnownFileType = sourcecode.swift; path = InterfaceController.swift; sourceTree = "<group>"; };
		3527D951231E497400CFEE0C /* ExtensionDelegate.swift */ = {isa = PBXFileReference; lastKnownFileType = sourcecode.swift; path = ExtensionDelegate.swift; sourceTree = "<group>"; };
		3527D953231E497400CFEE0C /* NotificationController.swift */ = {isa = PBXFileReference; lastKnownFileType = sourcecode.swift; path = NotificationController.swift; sourceTree = "<group>"; };
		3527D955231E497500CFEE0C /* Assets.xcassets */ = {isa = PBXFileReference; lastKnownFileType = folder.assetcatalog; path = Assets.xcassets; sourceTree = "<group>"; };
		3527D957231E497500CFEE0C /* Info.plist */ = {isa = PBXFileReference; lastKnownFileType = text.plist.xml; path = Info.plist; sourceTree = "<group>"; };
		3527D958231E497500CFEE0C /* PushNotificationPayload.apns */ = {isa = PBXFileReference; lastKnownFileType = text; path = PushNotificationPayload.apns; sourceTree = "<group>"; };
		3527D965231E49A300CFEE0C /* WatchManager.swift */ = {isa = PBXFileReference; lastKnownFileType = sourcecode.swift; path = WatchManager.swift; sourceTree = "<group>"; };
		3527D967231E54E400CFEE0C /* WatchManager.swift */ = {isa = PBXFileReference; lastKnownFileType = sourcecode.swift; path = WatchManager.swift; sourceTree = "<group>"; };
		355FF9AB2317BFE600244C17 /* GymTrack.app */ = {isa = PBXFileReference; explicitFileType = wrapper.application; includeInIndex = 0; path = GymTrack.app; sourceTree = BUILT_PRODUCTS_DIR; };
		355FF9AE2317BFE600244C17 /* AppDelegate.swift */ = {isa = PBXFileReference; lastKnownFileType = sourcecode.swift; path = AppDelegate.swift; sourceTree = "<group>"; };
		355FF9B52317BFE700244C17 /* Assets.xcassets */ = {isa = PBXFileReference; lastKnownFileType = folder.assetcatalog; path = Assets.xcassets; sourceTree = "<group>"; };
		355FF9B82317BFE700244C17 /* Base */ = {isa = PBXFileReference; lastKnownFileType = file.storyboard; name = Base; path = Base.lproj/LaunchScreen.storyboard; sourceTree = "<group>"; };
		355FF9BA2317BFE700244C17 /* Info.plist */ = {isa = PBXFileReference; lastKnownFileType = text.plist.xml; path = Info.plist; sourceTree = "<group>"; };
		355FF9C12317C10200244C17 /* MainPage.swift */ = {isa = PBXFileReference; lastKnownFileType = sourcecode.swift; path = MainPage.swift; sourceTree = "<group>"; };
		356DE3A42320ED5B00398A6B /* MotionManager.swift */ = {isa = PBXFileReference; lastKnownFileType = sourcecode.swift; path = MotionManager.swift; sourceTree = "<group>"; };
		359FFBC623265160007C1175 /* HealthKitManager.swift */ = {isa = PBXFileReference; lastKnownFileType = sourcecode.swift; path = HealthKitManager.swift; sourceTree = "<group>"; };
		35ECF449231E69BB00C036EB /* GestureData.swift */ = {isa = PBXFileReference; lastKnownFileType = sourcecode.swift; path = GestureData.swift; sourceTree = "<group>"; };
		35ECF44C231E6B4D00C036EB /* GestureData.swift */ = {isa = PBXFileReference; lastKnownFileType = sourcecode.swift; path = GestureData.swift; sourceTree = "<group>"; };
/* End PBXFileReference section */

/* Begin PBXFrameworksBuildPhase section */
		3527D947231E497400CFEE0C /* Frameworks */ = {
			isa = PBXFrameworksBuildPhase;
			buildActionMask = 2147483647;
			files = (
			);
			runOnlyForDeploymentPostprocessing = 0;
		};
		355FF9A82317BFE600244C17 /* Frameworks */ = {
			isa = PBXFrameworksBuildPhase;
			buildActionMask = 2147483647;
			files = (
			);
			runOnlyForDeploymentPostprocessing = 0;
		};
/* End PBXFrameworksBuildPhase section */

/* Begin PBXGroup section */
		3527D937231E2DD300CFEE0C /* Views */ = {
			isa = PBXGroup;
			children = (
				350E71062339E0D6004426CF /* GestureListView.swift */,
				350E710A2339F0A3004426CF /* ListItem.swift */,
				350E710C2339F7C3004426CF /* WatchConnectionView.swift */,
			);
			path = Views;
			sourceTree = "<group>";
		};
		3527D93F231E497200CFEE0C /* WatchApp */ = {
			isa = PBXGroup;
			children = (
				3527D940231E497200CFEE0C /* Interface.storyboard */,
				3527D943231E497400CFEE0C /* Assets.xcassets */,
				3527D945231E497400CFEE0C /* Info.plist */,
			);
			path = WatchApp;
			sourceTree = "<group>";
		};
		3527D94E231E497400CFEE0C /* WatchApp Extension */ = {
			isa = PBXGroup;
			children = (
				356DE3A32320ED4600398A6B /* Manager */,
				35ECF448231E69A000C036EB /* Data */,
				3527D94F231E497400CFEE0C /* InterfaceController.swift */,
				3527D951231E497400CFEE0C /* ExtensionDelegate.swift */,
				3527D953231E497400CFEE0C /* NotificationController.swift */,
				3527D955231E497500CFEE0C /* Assets.xcassets */,
				3527D957231E497500CFEE0C /* Info.plist */,
				3527D958231E497500CFEE0C /* PushNotificationPayload.apns */,
			);
			path = "WatchApp Extension";
			sourceTree = "<group>";
		};
		3527D964231E499200CFEE0C /* Managers */ = {
			isa = PBXGroup;
			children = (
				3527D965231E49A300CFEE0C /* WatchManager.swift */,
			);
			path = Managers;
			sourceTree = "<group>";
		};
		355FF9A22317BFE600244C17 = {
			isa = PBXGroup;
			children = (
				355FF9AD2317BFE600244C17 /* GymTrack */,
				3527D93F231E497200CFEE0C /* WatchApp */,
				3527D94E231E497400CFEE0C /* WatchApp Extension */,
				355FF9AC2317BFE600244C17 /* Products */,
			);
			sourceTree = "<group>";
		};
		355FF9AC2317BFE600244C17 /* Products */ = {
			isa = PBXGroup;
			children = (
				355FF9AB2317BFE600244C17 /* GymTrack.app */,
				3527D93E231E497200CFEE0C /* WatchApp.app */,
				3527D94A231E497400CFEE0C /* WatchApp Extension.appex */,
			);
			name = Products;
			sourceTree = "<group>";
		};
		355FF9AD2317BFE600244C17 /* GymTrack */ = {
			isa = PBXGroup;
			children = (
				35ECF44B231E6B4100C036EB /* Data */,
				3527D964231E499200CFEE0C /* Managers */,
				3527D937231E2DD300CFEE0C /* Views */,
				355FF9C02317C0ED00244C17 /* Pages */,
				355FF9AE2317BFE600244C17 /* AppDelegate.swift */,
				355FF9B52317BFE700244C17 /* Assets.xcassets */,
				355FF9B72317BFE700244C17 /* LaunchScreen.storyboard */,
				355FF9BA2317BFE700244C17 /* Info.plist */,
			);
			path = GymTrack;
			sourceTree = "<group>";
		};
		355FF9C02317C0ED00244C17 /* Pages */ = {
			isa = PBXGroup;
			children = (
				350E71082339EB9B004426CF /* GestureDetail.swift */,
				355FF9C12317C10200244C17 /* MainPage.swift */,
			);
			path = Pages;
			sourceTree = "<group>";
		};
		356DE3A32320ED4600398A6B /* Manager */ = {
			isa = PBXGroup;
			children = (
				3527D967231E54E400CFEE0C /* WatchManager.swift */,
				356DE3A42320ED5B00398A6B /* MotionManager.swift */,
				359FFBC623265160007C1175 /* HealthKitManager.swift */,
			);
			path = Manager;
			sourceTree = "<group>";
		};
		35ECF448231E69A000C036EB /* Data */ = {
			isa = PBXGroup;
			children = (
				35ECF449231E69BB00C036EB /* GestureData.swift */,
				351861D8231F87610067A11E /* JSONParser.swift */,
			);
			path = Data;
			sourceTree = "<group>";
		};
		35ECF44B231E6B4100C036EB /* Data */ = {
			isa = PBXGroup;
			children = (
				35ECF44C231E6B4D00C036EB /* GestureData.swift */,
				351861DA231F97DC0067A11E /* JSONParser.swift */,
			);
			path = Data;
			sourceTree = "<group>";
		};
/* End PBXGroup section */

/* Begin PBXNativeTarget section */
		3527D93D231E497200CFEE0C /* WatchApp */ = {
			isa = PBXNativeTarget;
			buildConfigurationList = 3527D960231E497500CFEE0C /* Build configuration list for PBXNativeTarget "WatchApp" */;
			buildPhases = (
				3527D93C231E497200CFEE0C /* Resources */,
				3527D95F231E497500CFEE0C /* Embed App Extensions */,
			);
			buildRules = (
			);
			dependencies = (
				3527D94D231E497400CFEE0C /* PBXTargetDependency */,
			);
			name = WatchApp;
			productName = WatchApp;
			productReference = 3527D93E231E497200CFEE0C /* WatchApp.app */;
			productType = "com.apple.product-type.application.watchapp2";
		};
		3527D949231E497400CFEE0C /* WatchApp Extension */ = {
			isa = PBXNativeTarget;
			buildConfigurationList = 3527D95C231E497500CFEE0C /* Build configuration list for PBXNativeTarget "WatchApp Extension" */;
			buildPhases = (
				3527D946231E497400CFEE0C /* Sources */,
				3527D947231E497400CFEE0C /* Frameworks */,
				3527D948231E497400CFEE0C /* Resources */,
			);
			buildRules = (
			);
			dependencies = (
			);
			name = "WatchApp Extension";
			productName = "WatchApp Extension";
			productReference = 3527D94A231E497400CFEE0C /* WatchApp Extension.appex */;
			productType = "com.apple.product-type.watchkit2-extension";
		};
		355FF9AA2317BFE600244C17 /* GymTrack */ = {
			isa = PBXNativeTarget;
			buildConfigurationList = 355FF9BD2317BFE700244C17 /* Build configuration list for PBXNativeTarget "GymTrack" */;
			buildPhases = (
				355FF9A72317BFE600244C17 /* Sources */,
				355FF9A82317BFE600244C17 /* Frameworks */,
				355FF9A92317BFE600244C17 /* Resources */,
				3527D963231E497500CFEE0C /* Embed Watch Content */,
			);
			buildRules = (
			);
			dependencies = (
				3527D95A231E497500CFEE0C /* PBXTargetDependency */,
			);
			name = GymTrack;
			productName = GymTrack;
			productReference = 355FF9AB2317BFE600244C17 /* GymTrack.app */;
			productType = "com.apple.product-type.application";
		};
/* End PBXNativeTarget section */

/* Begin PBXProject section */
		355FF9A32317BFE600244C17 /* Project object */ = {
			isa = PBXProject;
			attributes = {
				LastSwiftUpdateCheck = 1030;
				LastUpgradeCheck = 1030;
				ORGANIZATIONNAME = "Enkhjargal Gansukh";
				TargetAttributes = {
					3527D93D231E497200CFEE0C = {
						CreatedOnToolsVersion = 10.3;
					};
					3527D949231E497400CFEE0C = {
						CreatedOnToolsVersion = 10.3;
					};
					355FF9AA2317BFE600244C17 = {
						CreatedOnToolsVersion = 10.3;
					};
				};
			};
			buildConfigurationList = 355FF9A62317BFE600244C17 /* Build configuration list for PBXProject "GymTrack" */;
			compatibilityVersion = "Xcode 9.3";
			developmentRegion = en;
			hasScannedForEncodings = 0;
			knownRegions = (
				en,
				Base,
			);
			mainGroup = 355FF9A22317BFE600244C17;
			productRefGroup = 355FF9AC2317BFE600244C17 /* Products */;
			projectDirPath = "";
			projectRoot = "";
			targets = (
				355FF9AA2317BFE600244C17 /* GymTrack */,
				3527D93D231E497200CFEE0C /* WatchApp */,
				3527D949231E497400CFEE0C /* WatchApp Extension */,
			);
		};
/* End PBXProject section */

/* Begin PBXResourcesBuildPhase section */
		3527D93C231E497200CFEE0C /* Resources */ = {
			isa = PBXResourcesBuildPhase;
			buildActionMask = 2147483647;
			files = (
				3527D944231E497400CFEE0C /* Assets.xcassets in Resources */,
				3527D942231E497200CFEE0C /* Interface.storyboard in Resources */,
			);
			runOnlyForDeploymentPostprocessing = 0;
		};
		3527D948231E497400CFEE0C /* Resources */ = {
			isa = PBXResourcesBuildPhase;
			buildActionMask = 2147483647;
			files = (
				3527D956231E497500CFEE0C /* Assets.xcassets in Resources */,
			);
			runOnlyForDeploymentPostprocessing = 0;
		};
		355FF9A92317BFE600244C17 /* Resources */ = {
			isa = PBXResourcesBuildPhase;
			buildActionMask = 2147483647;
			files = (
				355FF9B92317BFE700244C17 /* LaunchScreen.storyboard in Resources */,
				355FF9B62317BFE700244C17 /* Assets.xcassets in Resources */,
			);
			runOnlyForDeploymentPostprocessing = 0;
		};
/* End PBXResourcesBuildPhase section */

/* Begin PBXSourcesBuildPhase section */
		3527D946231E497400CFEE0C /* Sources */ = {
			isa = PBXSourcesBuildPhase;
			buildActionMask = 2147483647;
			files = (
				3527D954231E497400CFEE0C /* NotificationController.swift in Sources */,
				356DE3A52320ED5B00398A6B /* MotionManager.swift in Sources */,
				359FFBC723265160007C1175 /* HealthKitManager.swift in Sources */,
				3527D952231E497400CFEE0C /* ExtensionDelegate.swift in Sources */,
				351861D9231F87610067A11E /* JSONParser.swift in Sources */,
				3527D950231E497400CFEE0C /* InterfaceController.swift in Sources */,
				3527D968231E54E400CFEE0C /* WatchManager.swift in Sources */,
				35ECF44A231E69BB00C036EB /* GestureData.swift in Sources */,
			);
			runOnlyForDeploymentPostprocessing = 0;
		};
		355FF9A72317BFE600244C17 /* Sources */ = {
			isa = PBXSourcesBuildPhase;
			buildActionMask = 2147483647;
			files = (
				350E710B2339F0A3004426CF /* ListItem.swift in Sources */,
				355FF9C22317C10200244C17 /* MainPage.swift in Sources */,
				351861DB231F97DC0067A11E /* JSONParser.swift in Sources */,
				3527D966231E49A300CFEE0C /* WatchManager.swift in Sources */,
				355FF9AF2317BFE600244C17 /* AppDelegate.swift in Sources */,
				350E71092339EB9B004426CF /* GestureDetail.swift in Sources */,
				350E71072339E0D6004426CF /* GestureListView.swift in Sources */,
				35ECF44D231E6B4D00C036EB /* GestureData.swift in Sources */,
				350E710D2339F7C3004426CF /* WatchConnectionView.swift in Sources */,
			);
			runOnlyForDeploymentPostprocessing = 0;
		};
/* End PBXSourcesBuildPhase section */

/* Begin PBXTargetDependency section */
		3527D94D231E497400CFEE0C /* PBXTargetDependency */ = {
			isa = PBXTargetDependency;
			target = 3527D949231E497400CFEE0C /* WatchApp Extension */;
			targetProxy = 3527D94C231E497400CFEE0C /* PBXContainerItemProxy */;
		};
		3527D95A231E497500CFEE0C /* PBXTargetDependency */ = {
			isa = PBXTargetDependency;
			target = 3527D93D231E497200CFEE0C /* WatchApp */;
			targetProxy = 3527D959231E497500CFEE0C /* PBXContainerItemProxy */;
		};
/* End PBXTargetDependency section */

/* Begin PBXVariantGroup section */
		3527D940231E497200CFEE0C /* Interface.storyboard */ = {
			isa = PBXVariantGroup;
			children = (
				3527D941231E497200CFEE0C /* Base */,
			);
			name = Interface.storyboard;
			sourceTree = "<group>";
		};
		355FF9B72317BFE700244C17 /* LaunchScreen.storyboard */ = {
			isa = PBXVariantGroup;
			children = (
				355FF9B82317BFE700244C17 /* Base */,
			);
			name = LaunchScreen.storyboard;
			sourceTree = "<group>";
		};
/* End PBXVariantGroup section */

/* Begin XCBuildConfiguration section */
		3527D95D231E497500CFEE0C /* Debug */ = {
			isa = XCBuildConfiguration;
			buildSettings = {
				ASSETCATALOG_COMPILER_COMPLICATION_NAME = Complication;
				CODE_SIGN_STYLE = Automatic;
				DEVELOPMENT_TEAM = 33N4W7X39J;
				INFOPLIST_FILE = "WatchApp Extension/Info.plist";
				LD_RUNPATH_SEARCH_PATHS = (
					"$(inherited)",
					"@executable_path/Frameworks",
					"@executable_path/../../Frameworks",
				);
				PRODUCT_BUNDLE_IDENTIFIER = com.phigolf.GymTrack.watchkitapp.watchkitextension;
				PRODUCT_NAME = "${TARGET_NAME}";
				SDKROOT = watchos;
				SKIP_INSTALL = YES;
				SWIFT_VERSION = 5.0;
				TARGETED_DEVICE_FAMILY = 4;
				WATCHOS_DEPLOYMENT_TARGET = 6.0;
			};
			name = Debug;
		};
		3527D95E231E497500CFEE0C /* Release */ = {
			isa = XCBuildConfiguration;
			buildSettings = {
				ASSETCATALOG_COMPILER_COMPLICATION_NAME = Complication;
				CODE_SIGN_STYLE = Automatic;
				DEVELOPMENT_TEAM = 33N4W7X39J;
				INFOPLIST_FILE = "WatchApp Extension/Info.plist";
				LD_RUNPATH_SEARCH_PATHS = (
					"$(inherited)",
					"@executable_path/Frameworks",
					"@executable_path/../../Frameworks",
				);
				PRODUCT_BUNDLE_IDENTIFIER = com.phigolf.GymTrack.watchkitapp.watchkitextension;
				PRODUCT_NAME = "${TARGET_NAME}";
				SDKROOT = watchos;
				SKIP_INSTALL = YES;
				SWIFT_VERSION = 5.0;
				TARGETED_DEVICE_FAMILY = 4;
				WATCHOS_DEPLOYMENT_TARGET = 6.0;
			};
			name = Release;
		};
		3527D961231E497500CFEE0C /* Debug */ = {
			isa = XCBuildConfiguration;
			buildSettings = {
				ALWAYS_EMBED_SWIFT_STANDARD_LIBRARIES = YES;
				ASSETCATALOG_COMPILER_APPICON_NAME = AppIcon;
				CODE_SIGN_STYLE = Automatic;
				DEVELOPMENT_TEAM = 33N4W7X39J;
				IBSC_MODULE = WatchApp_Extension;
				INFOPLIST_FILE = WatchApp/Info.plist;
				PRODUCT_BUNDLE_IDENTIFIER = com.phigolf.GymTrack.watchkitapp;
				PRODUCT_NAME = "$(TARGET_NAME)";
				SDKROOT = watchos;
				SKIP_INSTALL = YES;
				SWIFT_VERSION = 5.0;
				TARGETED_DEVICE_FAMILY = 4;
				WATCHOS_DEPLOYMENT_TARGET = 6.0;
			};
			name = Debug;
		};
		3527D962231E497500CFEE0C /* Release */ = {
			isa = XCBuildConfiguration;
			buildSettings = {
				ALWAYS_EMBED_SWIFT_STANDARD_LIBRARIES = YES;
				ASSETCATALOG_COMPILER_APPICON_NAME = AppIcon;
				CODE_SIGN_STYLE = Automatic;
				DEVELOPMENT_TEAM = 33N4W7X39J;
				IBSC_MODULE = WatchApp_Extension;
				INFOPLIST_FILE = WatchApp/Info.plist;
				PRODUCT_BUNDLE_IDENTIFIER = com.phigolf.GymTrack.watchkitapp;
				PRODUCT_NAME = "$(TARGET_NAME)";
				SDKROOT = watchos;
				SKIP_INSTALL = YES;
				SWIFT_VERSION = 5.0;
				TARGETED_DEVICE_FAMILY = 4;
				WATCHOS_DEPLOYMENT_TARGET = 6.0;
			};
			name = Release;
		};
		355FF9BB2317BFE700244C17 /* Debug */ = {
			isa = XCBuildConfiguration;
			buildSettings = {
				ALWAYS_SEARCH_USER_PATHS = NO;
				CLANG_ANALYZER_NONNULL = YES;
				CLANG_ANALYZER_NUMBER_OBJECT_CONVERSION = YES_AGGRESSIVE;
				CLANG_CXX_LANGUAGE_STANDARD = "gnu++14";
				CLANG_CXX_LIBRARY = "libc++";
				CLANG_ENABLE_MODULES = YES;
				CLANG_ENABLE_OBJC_ARC = YES;
				CLANG_ENABLE_OBJC_WEAK = YES;
				CLANG_WARN_BLOCK_CAPTURE_AUTORELEASING = YES;
				CLANG_WARN_BOOL_CONVERSION = YES;
				CLANG_WARN_COMMA = YES;
				CLANG_WARN_CONSTANT_CONVERSION = YES;
				CLANG_WARN_DEPRECATED_OBJC_IMPLEMENTATIONS = YES;
				CLANG_WARN_DIRECT_OBJC_ISA_USAGE = YES_ERROR;
				CLANG_WARN_DOCUMENTATION_COMMENTS = YES;
				CLANG_WARN_EMPTY_BODY = YES;
				CLANG_WARN_ENUM_CONVERSION = YES;
				CLANG_WARN_INFINITE_RECURSION = YES;
				CLANG_WARN_INT_CONVERSION = YES;
				CLANG_WARN_NON_LITERAL_NULL_CONVERSION = YES;
				CLANG_WARN_OBJC_IMPLICIT_RETAIN_SELF = YES;
				CLANG_WARN_OBJC_LITERAL_CONVERSION = YES;
				CLANG_WARN_OBJC_ROOT_CLASS = YES_ERROR;
				CLANG_WARN_RANGE_LOOP_ANALYSIS = YES;
				CLANG_WARN_STRICT_PROTOTYPES = YES;
				CLANG_WARN_SUSPICIOUS_MOVE = YES;
				CLANG_WARN_UNGUARDED_AVAILABILITY = YES_AGGRESSIVE;
				CLANG_WARN_UNREACHABLE_CODE = YES;
				CLANG_WARN__DUPLICATE_METHOD_MATCH = YES;
				CODE_SIGN_IDENTITY = "iPhone Developer";
				COPY_PHASE_STRIP = NO;
				DEBUG_INFORMATION_FORMAT = dwarf;
				ENABLE_STRICT_OBJC_MSGSEND = YES;
				ENABLE_TESTABILITY = YES;
				GCC_C_LANGUAGE_STANDARD = gnu11;
				GCC_DYNAMIC_NO_PIC = NO;
				GCC_NO_COMMON_BLOCKS = YES;
				GCC_OPTIMIZATION_LEVEL = 0;
				GCC_PREPROCESSOR_DEFINITIONS = (
					"DEBUG=1",
					"$(inherited)",
				);
				GCC_WARN_64_TO_32_BIT_CONVERSION = YES;
				GCC_WARN_ABOUT_RETURN_TYPE = YES_ERROR;
				GCC_WARN_UNDECLARED_SELECTOR = YES;
				GCC_WARN_UNINITIALIZED_AUTOS = YES_AGGRESSIVE;
				GCC_WARN_UNUSED_FUNCTION = YES;
				GCC_WARN_UNUSED_VARIABLE = YES;
				IPHONEOS_DEPLOYMENT_TARGET = 13.0;
				MTL_ENABLE_DEBUG_INFO = INCLUDE_SOURCE;
				MTL_FAST_MATH = YES;
				ONLY_ACTIVE_ARCH = YES;
				SDKROOT = iphoneos;
				SWIFT_ACTIVE_COMPILATION_CONDITIONS = DEBUG;
				SWIFT_OPTIMIZATION_LEVEL = "-Onone";
			};
			name = Debug;
		};
		355FF9BC2317BFE700244C17 /* Release */ = {
			isa = XCBuildConfiguration;
			buildSettings = {
				ALWAYS_SEARCH_USER_PATHS = NO;
				CLANG_ANALYZER_NONNULL = YES;
				CLANG_ANALYZER_NUMBER_OBJECT_CONVERSION = YES_AGGRESSIVE;
				CLANG_CXX_LANGUAGE_STANDARD = "gnu++14";
				CLANG_CXX_LIBRARY = "libc++";
				CLANG_ENABLE_MODULES = YES;
				CLANG_ENABLE_OBJC_ARC = YES;
				CLANG_ENABLE_OBJC_WEAK = YES;
				CLANG_WARN_BLOCK_CAPTURE_AUTORELEASING = YES;
				CLANG_WARN_BOOL_CONVERSION = YES;
				CLANG_WARN_COMMA = YES;
				CLANG_WARN_CONSTANT_CONVERSION = YES;
				CLANG_WARN_DEPRECATED_OBJC_IMPLEMENTATIONS = YES;
				CLANG_WARN_DIRECT_OBJC_ISA_USAGE = YES_ERROR;
				CLANG_WARN_DOCUMENTATION_COMMENTS = YES;
				CLANG_WARN_EMPTY_BODY = YES;
				CLANG_WARN_ENUM_CONVERSION = YES;
				CLANG_WARN_INFINITE_RECURSION = YES;
				CLANG_WARN_INT_CONVERSION = YES;
				CLANG_WARN_NON_LITERAL_NULL_CONVERSION = YES;
				CLANG_WARN_OBJC_IMPLICIT_RETAIN_SELF = YES;
				CLANG_WARN_OBJC_LITERAL_CONVERSION = YES;
				CLANG_WARN_OBJC_ROOT_CLASS = YES_ERROR;
				CLANG_WARN_RANGE_LOOP_ANALYSIS = YES;
				CLANG_WARN_STRICT_PROTOTYPES = YES;
				CLANG_WARN_SUSPICIOUS_MOVE = YES;
				CLANG_WARN_UNGUARDED_AVAILABILITY = YES_AGGRESSIVE;
				CLANG_WARN_UNREACHABLE_CODE = YES;
				CLANG_WARN__DUPLICATE_METHOD_MATCH = YES;
				CODE_SIGN_IDENTITY = "iPhone Developer";
				COPY_PHASE_STRIP = NO;
				DEBUG_INFORMATION_FORMAT = "dwarf-with-dsym";
				ENABLE_NS_ASSERTIONS = NO;
				ENABLE_STRICT_OBJC_MSGSEND = YES;
				GCC_C_LANGUAGE_STANDARD = gnu11;
				GCC_NO_COMMON_BLOCKS = YES;
				GCC_WARN_64_TO_32_BIT_CONVERSION = YES;
				GCC_WARN_ABOUT_RETURN_TYPE = YES_ERROR;
				GCC_WARN_UNDECLARED_SELECTOR = YES;
				GCC_WARN_UNINITIALIZED_AUTOS = YES_AGGRESSIVE;
				GCC_WARN_UNUSED_FUNCTION = YES;
				GCC_WARN_UNUSED_VARIABLE = YES;
				IPHONEOS_DEPLOYMENT_TARGET = 13.0;
				MTL_ENABLE_DEBUG_INFO = NO;
				MTL_FAST_MATH = YES;
				SDKROOT = iphoneos;
				SWIFT_COMPILATION_MODE = wholemodule;
				SWIFT_OPTIMIZATION_LEVEL = "-O";
				VALIDATE_PRODUCT = YES;
			};
			name = Release;
		};
		355FF9BE2317BFE700244C17 /* Debug */ = {
			isa = XCBuildConfiguration;
			buildSettings = {
				ASSETCATALOG_COMPILER_APPICON_NAME = AppIcon;
				CODE_SIGN_STYLE = Automatic;
				DEVELOPMENT_TEAM = 33N4W7X39J;
				INFOPLIST_FILE = GymTrack/Info.plist;
				IPHONEOS_DEPLOYMENT_TARGET = 13.0;
				LD_RUNPATH_SEARCH_PATHS = (
					"$(inherited)",
					"@executable_path/Frameworks",
				);
				PRODUCT_BUNDLE_IDENTIFIER = com.phigolf.GymTrack;
				PRODUCT_NAME = "$(TARGET_NAME)";
				SWIFT_VERSION = 5.0;
				TARGETED_DEVICE_FAMILY = "1,2";
			};
			name = Debug;
		};
		355FF9BF2317BFE700244C17 /* Release */ = {
			isa = XCBuildConfiguration;
			buildSettings = {
				ASSETCATALOG_COMPILER_APPICON_NAME = AppIcon;
				CODE_SIGN_STYLE = Automatic;
				DEVELOPMENT_TEAM = 33N4W7X39J;
				INFOPLIST_FILE = GymTrack/Info.plist;
				IPHONEOS_DEPLOYMENT_TARGET = 13.0;
				LD_RUNPATH_SEARCH_PATHS = (
					"$(inherited)",
					"@executable_path/Frameworks",
				);
				PRODUCT_BUNDLE_IDENTIFIER = com.phigolf.GymTrack;
				PRODUCT_NAME = "$(TARGET_NAME)";
				SWIFT_VERSION = 5.0;
				TARGETED_DEVICE_FAMILY = "1,2";
			};
			name = Release;
		};
/* End XCBuildConfiguration section */

/* Begin XCConfigurationList section */
		3527D95C231E497500CFEE0C /* Build configuration list for PBXNativeTarget "WatchApp Extension" */ = {
			isa = XCConfigurationList;
			buildConfigurations = (
				3527D95D231E497500CFEE0C /* Debug */,
				3527D95E231E497500CFEE0C /* Release */,
			);
			defaultConfigurationIsVisible = 0;
			defaultConfigurationName = Release;
		};
		3527D960231E497500CFEE0C /* Build configuration list for PBXNativeTarget "WatchApp" */ = {
			isa = XCConfigurationList;
			buildConfigurations = (
				3527D961231E497500CFEE0C /* Debug */,
				3527D962231E497500CFEE0C /* Release */,
			);
			defaultConfigurationIsVisible = 0;
			defaultConfigurationName = Release;
		};
		355FF9A62317BFE600244C17 /* Build configuration list for PBXProject "GymTrack" */ = {
			isa = XCConfigurationList;
			buildConfigurations = (
				355FF9BB2317BFE700244C17 /* Debug */,
				355FF9BC2317BFE700244C17 /* Release */,
			);
			defaultConfigurationIsVisible = 0;
			defaultConfigurationName = Release;
		};
		355FF9BD2317BFE700244C17 /* Build configuration list for PBXNativeTarget "GymTrack" */ = {
			isa = XCConfigurationList;
			buildConfigurations = (
				355FF9BE2317BFE700244C17 /* Debug */,
				355FF9BF2317BFE700244C17 /* Release */,
			);
			defaultConfigurationIsVisible = 0;
			defaultConfigurationName = Release;
		};
/* End XCConfigurationList section */
	};
	rootObject = 355FF9A32317BFE600244C17 /* Project object */;
}
